
Microsoft Visual Studio Solution File, Format Version 12.00
# Visual Studio Version 16
VisualStudioVersion = 16.0.31105.61
MinimumVisualStudioVersion = 10.0.40219.1
Project("{9A19103F-16F7-4668-BE54-9A1E7A4F7556}") = "ApiImdb", "ApiImdb\ApiImdb.csproj", "{E37C838E-2067-413F-B078-EF7A8D3DE549}"
EndProject
Project("{2150E333-8FDC-42A3-9474-1A3956D46DE8}") = "Solution Items", "Solution Items", "{71F912FF-5238-4D81-AE5B-36AFFD827363}"
	ProjectSection(SolutionItems) = preProject
		.editorconfig = .editorconfig
	EndProjectSection
EndProject
Global
	GlobalSection(SolutionConfigurationPlatforms) = preSolution
		Debug|Any CPU = Debug|Any CPU
		Release|Any CPU = Release|Any CPU
	EndGlobalSection
	GlobalSection(ProjectConfigurationPlatforms) = postSolution
		{E37C838E-2067-413F-B078-EF7A8D3DE549}.Debug|Any CPU.ActiveCfg = Debug|Any CPU
		{E37C838E-2067-413F-B078-EF7A8D3DE549}.Debug|Any CPU.Build.0 = Debug|Any CPU
		{E37C838E-2067-413F-B078-EF7A8D3DE549}.Release|Any CPU.ActiveCfg = Release|Any CPU
		{E37C838E-2067-413F-B078-EF7A8D3DE549}.Release|Any CPU.Build.0 = Release|Any CPU
	EndGlobalSection
	GlobalSection(SolutionProperties) = preSolution
		HideSolutionNode = FALSE
	EndGlobalSection
	GlobalSection(ExtensibilityGlobals) = postSolution
		SolutionGuid = {D0BF4F52-78FC-488F-A044-B2F1049037E3}
	EndGlobalSection
EndGlobal
